
Microsoft Visual Studio Solution File, Format Version 12.00
# Visual Studio Version 17
VisualStudioVersion = 17.4.33110.190
MinimumVisualStudioVersion = 10.0.40219.1
Project("{FAE04EC0-301F-11D3-BF4B-00C04F79EFBC}") = "WebApiAnalyzers", "WebApiAnalyzers\WebApiAnalyzers.csproj", "{1CAE5560-D263-4FBB-9DEA-AE1DEC68F54E}"
EndProject
Global
	GlobalSection(SolutionConfigurationPlatforms) = preSolution
		Debug|Any CPU = Debug|Any CPU
		Release|Any CPU = Release|Any CPU
	EndGlobalSection
	GlobalSection(ProjectConfigurationPlatforms) = postSolution
		{1CAE5560-D263-4FBB-9DEA-AE1DEC68F54E}.Debug|Any CPU.ActiveCfg = Debug|Any CPU
		{1CAE5560-D263-4FBB-9DEA-AE1DEC68F54E}.Debug|Any CPU.Build.0 = Debug|Any CPU
		{1CAE5560-D263-4FBB-9DEA-AE1DEC68F54E}.Release|Any CPU.ActiveCfg = Release|Any CPU
		{1CAE5560-D263-4FBB-9DEA-AE1DEC68F54E}.Release|Any CPU.Build.0 = Release|Any CPU
	EndGlobalSection
	GlobalSection(SolutionProperties) = preSolution
		HideSolutionNode = FALSE
	EndGlobalSection
	GlobalSection(ExtensibilityGlobals) = postSolution
		SolutionGuid = {4CEB2BFD-55D0-434D-8D4A-9D5B77C552FA}
	EndGlobalSection
EndGlobal
